
Microsoft Visual Studio Solution File, Format Version 12.00
# Visual Studio Version 16
VisualStudioVersion = 16.0.31515.178
MinimumVisualStudioVersion = 10.0.40219.1
Project("{888888A0-9F3D-457C-B088-3A5042F75D52}") = "Course Project Part 2", "Course Project Part 2.pyproj", "{0C144A39-B4C7-464C-8107-B29ABEBB1751}"
EndProject
Global
	GlobalSection(SolutionConfigurationPlatforms) = preSolution
		Debug|Any CPU = Debug|Any CPU
		Release|Any CPU = Release|Any CPU
	EndGlobalSection
	GlobalSection(ProjectConfigurationPlatforms) = postSolution
		{0C144A39-B4C7-464C-8107-B29ABEBB1751}.Debug|Any CPU.ActiveCfg = Debug|Any CPU
		{0C144A39-B4C7-464C-8107-B29ABEBB1751}.Release|Any CPU.ActiveCfg = Release|Any CPU
	EndGlobalSection
	GlobalSection(SolutionProperties) = preSolution
		HideSolutionNode = FALSE
	EndGlobalSection
	GlobalSection(ExtensibilityGlobals) = postSolution
		SolutionGuid = {A015B93D-61FC-4672-85E6-FA46ED3A0567}
	EndGlobalSection
EndGlobal
